// !$*UTF8*$!
{
	archiveVersion = 1;
	classes = {
	};
	objectVersion = 77;
	objects = {

/* Begin PBXBuildFile section */
		7FE088F130269E8E0005C7E7 /* WidgetKit.framework in Frameworks */ = {isa = PBXBuildFile; fileRef = 7FE088F030269E8E0005C7E7 /* WidgetKit.framework */; };
		7FE088F330269E8E0005C7E7 /* SwiftUI.framework in Frameworks */ = {isa = PBXBuildFile; fileRef = 7FE088F230269E8E0005C7E7 /* SwiftUI.framework */; };
		7FE0890430269E8E0005C7E7 /* MyTabloWidgetsExtension.appex in Embed Foundation Extensions */ = {isa = PBXBuildFile; fileRef = 7FE088EE30269E8E0005C7E7 /* MyTabloWidgetsExtension.appex */; settings = {ATTRIBUTES = (RemoveHeadersOnCopy, ); }; };
/* End PBXBuildFile section */

/* Begin PBXContainerItemProxy section */
		7FE0890230269E8E0005C7E7 /* PBXContainerItemProxy */ = {
			isa = PBXContainerItemProxy;
			containerPortal = 7F7041873024BDCB00ED99CF /* Project object */;
			proxyType = 1;
			remoteGlobalIDString = 7FE088ED30269E8E0005C7E7;
			remoteInfo = MyTabloWidgetsExtension;
		};
/* End PBXContainerItemProxy section */

/* Begin PBXCopyFilesBuildPhase section */
		7FE0890930269E8E0005C7E7 /* Embed Foundation Extensions */ = {
			isa = PBXCopyFilesBuildPhase;
			buildActionMask = 2147483647;
			dstPath = "";
			dstSubfolderSpec = 13;
			files = (
				7FE0890430269E8E0005C7E7 /* MyTabloWidgetsExtension.appex in Embed Foundation Extensions */,
			);
			name = "Embed Foundation Extensions";
			runOnlyForDeploymentPostprocessing = 0;
		};
/* End PBXCopyFilesBuildPhase section */

/* Begin PBXFileReference section */
		7F70418F3024BDCB00ED99CF /* MyTablo.app */ = {isa = PBXFileReference; explicitFileType = wrapper.application; includeInIndex = 0; path = MyTablo.app; sourceTree = BUILT_PRODUCTS_DIR; };
		7FE088EE30269E8E0005C7E7 /* MyTabloWidgetsExtension.appex */ = {isa = PBXFileReference; explicitFileType = "wrapper.app-extension"; includeInIndex = 0; path = MyTabloWidgetsExtension.appex; sourceTree = BUILT_PRODUCTS_DIR; };
		7FE088F030269E8E0005C7E7 /* WidgetKit.framework */ = {isa = PBXFileReference; lastKnownFileType = wrapper.framework; name = WidgetKit.framework; path = System/Library/Frameworks/WidgetKit.framework; sourceTree = SDKROOT; };
		7FE088F230269E8E0005C7E7 /* SwiftUI.framework */ = {isa = PBXFileReference; lastKnownFileType = wrapper.framework; name = SwiftUI.framework; path = System/Library/Frameworks/SwiftUI.framework; sourceTree = SDKROOT; };
		7FE0890D3026A30E0005C7E7 /* ReadingTableWidgetsExtension.entitlements */ = {isa = PBXFileReference; lastKnownFileType = text.plist.entitlements; path = ReadingTableWidgetsExtension.entitlements; sourceTree = "<group>"; };
/* End PBXFileReference section */

/* Begin PBXFileSystemSynchronizedBuildFileExceptionSet section */
		7FE0890530269E8E0005C7E7 /* Exceptions for "ReadingTableWidgets" folder in "MyTabloWidgetsExtension" target */ = {
			isa = PBXFileSystemSynchronizedBuildFileExceptionSet;
			membershipExceptions = (
				Info.plist,
			);
			target = 7FE088ED30269E8E0005C7E7 /* MyTabloWidgetsExtension */;
		};
		7FE0890B30269EA90005C7E7 /* Exceptions for "ReadingTable" folder in "MyTabloWidgetsExtension" target */ = {
			isa = PBXFileSystemSynchronizedBuildFileExceptionSet;
			membershipExceptions = (
				Models/Book.swift,
				Models/Decoration.swift,
				Theme/Palette.swift,
				Views/Widgets/SmallWidgetView.swift,
			);
			target = 7FE088ED30269E8E0005C7E7 /* MyTabloWidgetsExtension */;
		};
		7FE0890F3026A4220005C7E7 /* Exceptions for "ReadingTableWidgets" folder in "MyTablo" target */ = {
			isa = PBXFileSystemSynchronizedBuildFileExceptionSet;
			membershipExceptions = (
				ReadingTableWidgets.swift,
			);
			target = 7F70418E3024BDCB00ED99CF /* MyTablo */;
		};
/* End PBXFileSystemSynchronizedBuildFileExceptionSet section */

/* Begin PBXFileSystemSynchronizedRootGroup section */
		7F7041913024BDCB00ED99CF /* ReadingTable */ = {
			isa = PBXFileSystemSynchronizedRootGroup;
			exceptions = (
				7FE0890B30269EA90005C7E7 /* Exceptions for "ReadingTable" folder in "MyTabloWidgetsExtension" target */,
			);
			path = ReadingTable;
			sourceTree = "<group>";
		};
		7FE088F430269E8E0005C7E7 /* ReadingTableWidgets */ = {
			isa = PBXFileSystemSynchronizedRootGroup;
			exceptions = (
				7FE0890F3026A4220005C7E7 /* Exceptions for "ReadingTableWidgets" folder in "MyTablo" target */,
				7FE0890530269E8E0005C7E7 /* Exceptions for "ReadingTableWidgets" folder in "MyTabloWidgetsExtension" target */,
			);
			path = ReadingTableWidgets;
			sourceTree = "<group>";
		};
/* End PBXFileSystemSynchronizedRootGroup section */

/* Begin PBXFrameworksBuildPhase section */
		7F70418C3024BDCB00ED99CF /* Frameworks */ = {
			isa = PBXFrameworksBuildPhase;
			buildActionMask = 2147483647;
			files = (
			);
			runOnlyForDeploymentPostprocessing = 0;
		};
		7FE088EB30269E8E0005C7E7 /* Frameworks */ = {
			isa = PBXFrameworksBuildPhase;
			buildActionMask = 2147483647;
			files = (
				7FE088F330269E8E0005C7E7 /* SwiftUI.framework in Frameworks */,
				7FE088F130269E8E0005C7E7 /* WidgetKit.framework in Frameworks */,
			);
			runOnlyForDeploymentPostprocessing = 0;
		};
/* End PBXFrameworksBuildPhase section */

/* Begin PBXGroup section */
		7F7041863024BDCB00ED99CF = {
			isa = PBXGroup;
			children = (
				7FE0890D3026A30E0005C7E7 /* ReadingTableWidgetsExtension.entitlements */,
				7F7041913024BDCB00ED99CF /* ReadingTable */,
				7FE088F430269E8E0005C7E7 /* ReadingTableWidgets */,
				7FE088EF30269E8E0005C7E7 /* Frameworks */,
				7F7041903024BDCB00ED99CF /* Products */,
			);
			sourceTree = "<group>";
		};
		7F7041903024BDCB00ED99CF /* Products */ = {
			isa = PBXGroup;
			children = (
				7F70418F3024BDCB00ED99CF /* MyTablo.app */,
				7FE088EE30269E8E0005C7E7 /* MyTabloWidgetsExtension.appex */,
			);
			name = Products;
			sourceTree = "<group>";
		};
		7FE088EF30269E8E0005C7E7 /* Frameworks */ = {
			isa = PBXGroup;
			children = (
				7FE088F030269E8E0005C7E7 /* WidgetKit.framework */,
				7FE088F230269E8E0005C7E7 /* SwiftUI.framework */,
			);
			name = Frameworks;
			sourceTree = "<group>";
		};
/* End PBXGroup section */

/* Begin PBXNativeTarget section */
		7F70418E3024BDCB00ED99CF /* MyTablo */ = {
			isa = PBXNativeTarget;
			buildConfigurationList = 7F70419A3024BDCC00ED99CF /* Build configuration list for PBXNativeTarget "MyTablo" */;
			buildPhases = (
				7F70418B3024BDCB00ED99CF /* Sources */,
				7F70418C3024BDCB00ED99CF /* Frameworks */,
				7F70418D3024BDCB00ED99CF /* Resources */,
				7FE0890930269E8E0005C7E7 /* Embed Foundation Extensions */,
			);
			buildRules = (
			);
			dependencies = (
				7FE0890330269E8E0005C7E7 /* PBXTargetDependency */,
			);
			fileSystemSynchronizedGroups = (
				7F7041913024BDCB00ED99CF /* ReadingTable */,
			);
			name = MyTablo;
			packageProductDependencies = (
			);
			productName = MyTablo;
			productReference = 7F70418F3024BDCB00ED99CF /* MyTablo.app */;
			productType = "com.apple.product-type.application";
		};
		7FE088ED30269E8E0005C7E7 /* MyTabloWidgetsExtension */ = {
			isa = PBXNativeTarget;
			buildConfigurationList = 7FE0890630269E8E0005C7E7 /* Build configuration list for PBXNativeTarget "MyTabloWidgetsExtension" */;
			buildPhases = (
				7FE088EA30269E8E0005C7E7 /* Sources */,
				7FE088EB30269E8E0005C7E7 /* Frameworks */,
				7FE088EC30269E8E0005C7E7 /* Resources */,
			);
			buildRules = (
			);
			dependencies = (
			);
			fileSystemSynchronizedGroups = (
				7FE088F430269E8E0005C7E7 /* ReadingTableWidgets */,
			);
			name = MyTabloWidgetsExtension;
			packageProductDependencies = (
			);
			productName = MyTabloWidgetsExtension;
			productReference = 7FE088EE30269E8E0005C7E7 /* MyTabloWidgetsExtension.appex */;
			productType = "com.apple.product-type.app-extension";
		};
/* End PBXNativeTarget section */

/* Begin PBXProject section */
		7F7041873024BDCB00ED99CF /* Project object */ = {
			isa = PBXProject;
			attributes = {
				BuildIndependentTargetsInParallel = 1;
				LastSwiftUpdateCheck = 2660;
				LastUpgradeCheck = 2660;
				TargetAttributes = {
					7F70418E3024BDCB00ED99CF = {
						CreatedOnToolsVersion = 26.6;
					};
					7FE088ED30269E8E0005C7E7 = {
						CreatedOnToolsVersion = 26.6;
					};
				};
			};
			buildConfigurationList = 7F70418A3024BDCB00ED99CF /* Build configuration list for PBXProject "MyTablo" */;
			developmentRegion = en;
			hasScannedForEncodings = 0;
			knownRegions = (
				en,
				Base,
			);
			mainGroup = 7F7041863024BDCB00ED99CF;
			minimizedProjectReferenceProxies = 1;
			preferredProjectObjectVersion = 77;
			productRefGroup = 7F7041903024BDCB00ED99CF /* Products */;
			projectDirPath = "";
			projectRoot = "";
			targets = (
				7F70418E3024BDCB00ED99CF /* MyTablo */,
				7FE088ED30269E8E0005C7E7 /* MyTabloWidgetsExtension */,
			);
		};
/* End PBXProject section */

/* Begin PBXResourcesBuildPhase section */
		7F70418D3024BDCB00ED99CF /* Resources */ = {
			isa = PBXResourcesBuildPhase;
			buildActionMask = 2147483647;
			files = (
			);
			runOnlyForDeploymentPostprocessing = 0;
		};
		7FE088EC30269E8E0005C7E7 /* Resources */ = {
			isa = PBXResourcesBuildPhase;
			buildActionMask = 2147483647;
			files = (
			);
			runOnlyForDeploymentPostprocessing = 0;
		};
/* End PBXResourcesBuildPhase section */

/* Begin PBXSourcesBuildPhase section */
		7F70418B3024BDCB00ED99CF /* Sources */ = {
			isa = PBXSourcesBuildPhase;
			buildActionMask = 2147483647;
			files = (
			);
			runOnlyForDeploymentPostprocessing = 0;
		};
		7FE088EA30269E8E0005C7E7 /* Sources */ = {
			isa = PBXSourcesBuildPhase;
			buildActionMask = 2147483647;
			files = (
			);
			runOnlyForDeploymentPostprocessing = 0;
		};
/* End PBXSourcesBuildPhase section */

/* Begin PBXTargetDependency section */
		7FE0890330269E8E0005C7E7 /* PBXTargetDependency */ = {
			isa = PBXTargetDependency;
			target = 7FE088ED30269E8E0005C7E7 /* MyTabloWidgetsExtension */;
			targetProxy = 7FE0890230269E8E0005C7E7 /* PBXContainerItemProxy */;
		};
/* End PBXTargetDependency section */

/* Begin XCBuildConfiguration section */
		7F7041983024BDCC00ED99CF /* Debug */ = {
			isa = XCBuildConfiguration;
			buildSettings = {
				ALWAYS_SEARCH_USER_PATHS = NO;
				ASSETCATALOG_COMPILER_GENERATE_SWIFT_ASSET_SYMBOL_EXTENSIONS = YES;
				CLANG_ANALYZER_NONNULL = YES;
				CLANG_ANALYZER_NUMBER_OBJECT_CONVERSION = YES_AGGRESSIVE;
				CLANG_CXX_LANGUAGE_STANDARD = "gnu++20";
				CLANG_ENABLE_MODULES = YES;
				CLANG_ENABLE_OBJC_ARC = YES;
				CLANG_ENABLE_OBJC_WEAK = YES;
				CLANG_WARN_BLOCK_CAPTURE_AUTORELEASING = YES;
				CLANG_WARN_BOOL_CONVERSION = YES;
				CLANG_WARN_COMMA = YES;
				CLANG_WARN_CONSTANT_CONVERSION = YES;
				CLANG_WARN_DEPRECATED_OBJC_IMPLEMENTATIONS = YES;
				CLANG_WARN_DIRECT_OBJC_ISA_USAGE = YES_ERROR;
				CLANG_WARN_DOCUMENTATION_COMMENTS = YES;
				CLANG_WARN_EMPTY_BODY = YES;
				CLANG_WARN_ENUM_CONVERSION = YES;
				CLANG_WARN_INFINITE_RECURSION = YES;
				CLANG_WARN_INT_CONVERSION = YES;
				CLANG_WARN_NON_LITERAL_NULL_CONVERSION = YES;
				CLANG_WARN_OBJC_IMPLICIT_RETAIN_SELF = YES;
				CLANG_WARN_OBJC_LITERAL_CONVERSION = YES;
				CLANG_WARN_OBJC_ROOT_CLASS = YES_ERROR;
				CLANG_WARN_QUOTED_INCLUDE_IN_FRAMEWORK_HEADER = YES;
				CLANG_WARN_RANGE_LOOP_ANALYSIS = YES;
				CLANG_WARN_STRICT_PROTOTYPES = YES;
				CLANG_WARN_SUSPICIOUS_MOVE = YES;
				CLANG_WARN_UNGUARDED_AVAILABILITY = YES_AGGRESSIVE;
				CLANG_WARN_UNREACHABLE_CODE = YES;
				CLANG_WARN__DUPLICATE_METHOD_MATCH = YES;
				COPY_PHASE_STRIP = NO;
				DEBUG_INFORMATION_FORMAT = dwarf;
				DEVELOPMENT_TEAM = FVJG2288UR;
				ENABLE_STRICT_OBJC_MSGSEND = YES;
				ENABLE_TESTABILITY = YES;
				ENABLE_USER_SCRIPT_SANDBOXING = YES;
				GCC_C_LANGUAGE_STANDARD = gnu17;
				GCC_DYNAMIC_NO_PIC = NO;
				GCC_NO_COMMON_BLOCKS = YES;
				GCC_OPTIMIZATION_LEVEL = 0;
				GCC_PREPROCESSOR_DEFINITIONS = (
					"DEBUG=1",
					"$(inherited)",
				);
				GCC_WARN_64_TO_32_BIT_CONVERSION = YES;
				GCC_WARN_ABOUT_RETURN_TYPE = YES_ERROR;
				GCC_WARN_UNDECLARED_SELECTOR = YES;
				GCC_WARN_UNINITIALIZED_AUTOS = YES_AGGRESSIVE;
				GCC_WARN_UNUSED_FUNCTION = YES;
				GCC_WARN_UNUSED_VARIABLE = YES;
				IPHONEOS_DEPLOYMENT_TARGET = 26.5;
				LOCALIZATION_PREFERS_STRING_CATALOGS = YES;
				MTL_ENABLE_DEBUG_INFO = INCLUDE_SOURCE;
				MTL_FAST_MATH = YES;
				ONLY_ACTIVE_ARCH = YES;
				SDKROOT = iphoneos;
				SWIFT_ACTIVE_COMPILATION_CONDITIONS = "DEBUG $(inherited)";
				SWIFT_OPTIMIZATION_LEVEL = "-Onone";
			};
			name = Debug;
		};
		7F7041993024BDCC00ED99CF /* Release */ = {
			isa = XCBuildConfiguration;
			buildSettings = {
				ALWAYS_SEARCH_USER_PATHS = NO;
				ASSETCATALOG_COMPILER_GENERATE_SWIFT_ASSET_SYMBOL_EXTENSIONS = YES;
				CLANG_ANALYZER_NONNULL = YES;
				CLANG_ANALYZER_NUMBER_OBJECT_CONVERSION = YES_AGGRESSIVE;
				CLANG_CXX_LANGUAGE_STANDARD = "gnu++20";
				CLANG_ENABLE_MODULES = YES;
				CLANG_ENABLE_OBJC_ARC = YES;
				CLANG_ENABLE_OBJC_WEAK = YES;
				CLANG_WARN_BLOCK_CAPTURE_AUTORELEASING = YES;
				CLANG_WARN_BOOL_CONVERSION = YES;
				CLANG_WARN_COMMA = YES;
				CLANG_WARN_CONSTANT_CONVERSION = YES;
				CLANG_WARN_DEPRECATED_OBJC_IMPLEMENTATIONS = YES;
				CLANG_WARN_DIRECT_OBJC_ISA_USAGE = YES_ERROR;
				CLANG_WARN_DOCUMENTATION_COMMENTS = YES;
				CLANG_WARN_EMPTY_BODY = YES;
				CLANG_WARN_ENUM_CONVERSION = YES;
				CLANG_WARN_INFINITE_RECURSION = YES;
				CLANG_WARN_INT_CONVERSION = YES;
				CLANG_WARN_NON_LITERAL_NULL_CONVERSION = YES;
				CLANG_WARN_OBJC_IMPLICIT_RETAIN_SELF = YES;
				CLANG_WARN_OBJC_LITERAL_CONVERSION = YES;
				CLANG_WARN_OBJC_ROOT_CLASS = YES_ERROR;
				CLANG_WARN_QUOTED_INCLUDE_IN_FRAMEWORK_HEADER = YES;
				CLANG_WARN_RANGE_LOOP_ANALYSIS = YES;
				CLANG_WARN_STRICT_PROTOTYPES = YES;
				CLANG_WARN_SUSPICIOUS_MOVE = YES;
				CLANG_WARN_UNGUARDED_AVAILABILITY = YES_AGGRESSIVE;
				CLANG_WARN_UNREACHABLE_CODE = YES;
				CLANG_WARN__DUPLICATE_METHOD_MATCH = YES;
				COPY_PHASE_STRIP = NO;
				DEBUG_INFORMATION_FORMAT = "dwarf-with-dsym";
				DEVELOPMENT_TEAM = FVJG2288UR;
				ENABLE_NS_ASSERTIONS = NO;
				ENABLE_STRICT_OBJC_MSGSEND = YES;
				ENABLE_USER_SCRIPT_SANDBOXING = YES;
				GCC_C_LANGUAGE_STANDARD = gnu17;
				GCC_NO_COMMON_BLOCKS = YES;
				GCC_WARN_64_TO_32_BIT_CONVERSION = YES;
				GCC_WARN_ABOUT_RETURN_TYPE = YES_ERROR;
				GCC_WARN_UNDECLARED_SELECTOR = YES;
				GCC_WARN_UNINITIALIZED_AUTOS = YES_AGGRESSIVE;
				GCC_WARN_UNUSED_FUNCTION = YES;
				GCC_WARN_UNUSED_VARIABLE = YES;
				IPHONEOS_DEPLOYMENT_TARGET = 26.5;
				LOCALIZATION_PREFERS_STRING_CATALOGS = YES;
				MTL_ENABLE_DEBUG_INFO = NO;
				MTL_FAST_MATH = YES;
				SDKROOT = iphoneos;
				SWIFT_COMPILATION_MODE = wholemodule;
				VALIDATE_PRODUCT = YES;
			};
			name = Release;
		};
		7F70419B3024BDCC00ED99CF /* Debug */ = {
			isa = XCBuildConfiguration;
			buildSettings = {
				ASSETCATALOG_COMPILER_APPICON_NAME = AppIcon;
				ASSETCATALOG_COMPILER_GLOBAL_ACCENT_COLOR_NAME = AccentColor;
				CODE_SIGN_ENTITLEMENTS = ReadingTable/ReadingTable.entitlements;
				CODE_SIGN_STYLE = Automatic;
				CURRENT_PROJECT_VERSION = 1;
				DEVELOPMENT_TEAM = FVJG2288UR;
				ENABLE_PREVIEWS = YES;
				GENERATE_INFOPLIST_FILE = YES;
				INFOPLIST_KEY_CFBundleDisplayName = MyTablo;
				INFOPLIST_KEY_NSCalendarsFullAccessUsageDescription = "MyTablo shows today's events on the calendar you place on your table.";
				INFOPLIST_KEY_NSCameraUsageDescription = "MyTablo uses the camera to scan a barcode or photograph a book cover.";
				INFOPLIST_KEY_NSLocationWhenInUseUsageDescription = "MyTablo uses your location for weather on the table, if you add it.";
				INFOPLIST_KEY_NSPhotoLibraryUsageDescription = "MyTablo uses your photos for Polaroids and custom book covers.";
				INFOPLIST_KEY_UIApplicationSceneManifest_Generation = YES;
				INFOPLIST_KEY_UIApplicationSupportsIndirectInputEvents = YES;
				INFOPLIST_KEY_UILaunchScreen_Generation = YES;
				INFOPLIST_KEY_UISupportedInterfaceOrientations_iPad = "UIInterfaceOrientationPortrait UIInterfaceOrientationPortraitUpsideDown UIInterfaceOrientationLandscapeLeft UIInterfaceOrientationLandscapeRight";
				INFOPLIST_KEY_UISupportedInterfaceOrientations_iPhone = "UIInterfaceOrientationPortrait UIInterfaceOrientationLandscapeLeft UIInterfaceOrientationLandscapeRight";
				LD_RUNPATH_SEARCH_PATHS = (
					"$(inherited)",
					"@executable_path/Frameworks",
				);
				MARKETING_VERSION = 1.0;
				PRODUCT_BUNDLE_IDENTIFIER = com.adeleroberts.Tablo;
				PRODUCT_NAME = "$(TARGET_NAME)";
				STRING_CATALOG_GENERATE_SYMBOLS = YES;
				SWIFT_APPROACHABLE_CONCURRENCY = YES;
				SWIFT_DEFAULT_ACTOR_ISOLATION = MainActor;
				SWIFT_EMIT_LOC_STRINGS = YES;
				SWIFT_UPCOMING_FEATURE_MEMBER_IMPORT_VISIBILITY = YES;
				SWIFT_VERSION = 5.0;
				TARGETED_DEVICE_FAMILY = "1,2";
			};
			name = Debug;
		};
		7F70419C3024BDCC00ED99CF /* Release */ = {
			isa = XCBuildConfiguration;
			buildSettings = {
				ASSETCATALOG_COMPILER_APPICON_NAME = AppIcon;
				ASSETCATALOG_COMPILER_GLOBAL_ACCENT_COLOR_NAME = AccentColor;
				CODE_SIGN_ENTITLEMENTS = ReadingTable/ReadingTable.entitlements;
				CODE_SIGN_STYLE = Automatic;
				CURRENT_PROJECT_VERSION = 1;
				DEVELOPMENT_TEAM = FVJG2288UR;
				ENABLE_PREVIEWS = YES;
				GENERATE_INFOPLIST_FILE = YES;
				INFOPLIST_KEY_CFBundleDisplayName = MyTablo;
				INFOPLIST_KEY_NSCalendarsFullAccessUsageDescription = "MyTablo shows today's events on the calendar you place on your table.";
				INFOPLIST_KEY_NSCameraUsageDescription = "MyTablo uses the camera to scan a barcode or photograph a book cover.";
				INFOPLIST_KEY_NSLocationWhenInUseUsageDescription = "MyTablo uses your location for weather on the table, if you add it.";
				INFOPLIST_KEY_NSPhotoLibraryUsageDescription = "MyTablo uses your photos for Polaroids and custom book covers.";
				INFOPLIST_KEY_UIApplicationSceneManifest_Generation = YES;
				INFOPLIST_KEY_UIApplicationSupportsIndirectInputEvents = YES;
				INFOPLIST_KEY_UILaunchScreen_Generation = YES;
				INFOPLIST_KEY_UISupportedInterfaceOrientations_iPad = "UIInterfaceOrientationPortrait UIInterfaceOrientationPortraitUpsideDown UIInterfaceOrientationLandscapeLeft UIInterfaceOrientationLandscapeRight";
				INFOPLIST_KEY_UISupportedInterfaceOrientations_iPhone = "UIInterfaceOrientationPortrait UIInterfaceOrientationLandscapeLeft UIInterfaceOrientationLandscapeRight";
				LD_RUNPATH_SEARCH_PATHS = (
					"$(inherited)",
					"@executable_path/Frameworks",
				);
				MARKETING_VERSION = 1.0;
				PRODUCT_BUNDLE_IDENTIFIER = com.adeleroberts.Tablo;
				PRODUCT_NAME = "$(TARGET_NAME)";
				STRING_CATALOG_GENERATE_SYMBOLS = YES;
				SWIFT_APPROACHABLE_CONCURRENCY = YES;
				SWIFT_DEFAULT_ACTOR_ISOLATION = MainActor;
				SWIFT_EMIT_LOC_STRINGS = YES;
				SWIFT_UPCOMING_FEATURE_MEMBER_IMPORT_VISIBILITY = YES;
				SWIFT_VERSION = 5.0;
				TARGETED_DEVICE_FAMILY = "1,2";
			};
			name = Release;
		};
		7FE0890730269E8E0005C7E7 /* Debug */ = {
			isa = XCBuildConfiguration;
			buildSettings = {
				ASSETCATALOG_COMPILER_GLOBAL_ACCENT_COLOR_NAME = AccentColor;
				ASSETCATALOG_COMPILER_WIDGET_BACKGROUND_COLOR_NAME = WidgetBackground;
				CODE_SIGN_ENTITLEMENTS = ReadingTableWidgetsExtension.entitlements;
				CODE_SIGN_STYLE = Automatic;
				CURRENT_PROJECT_VERSION = 1;
				DEVELOPMENT_TEAM = FVJG2288UR;
				GENERATE_INFOPLIST_FILE = YES;
				INFOPLIST_FILE = ReadingTableWidgets/Info.plist;
				INFOPLIST_KEY_CFBundleDisplayName = MyTablo;
				INFOPLIST_KEY_NSHumanReadableCopyright = "";
				LD_RUNPATH_SEARCH_PATHS = (
					"$(inherited)",
					"@executable_path/Frameworks",
					"@executable_path/../../Frameworks",
				);
				MARKETING_VERSION = 1.0;
				PRODUCT_BUNDLE_IDENTIFIER = com.adeleroberts.Tablo.Widgets;
				PRODUCT_NAME = "$(TARGET_NAME)";
				SKIP_INSTALL = YES;
				STRING_CATALOG_GENERATE_SYMBOLS = YES;
				SWIFT_APPROACHABLE_CONCURRENCY = YES;
				SWIFT_EMIT_LOC_STRINGS = YES;
				SWIFT_UPCOMING_FEATURE_MEMBER_IMPORT_VISIBILITY = YES;
				SWIFT_VERSION = 5.0;
				TARGETED_DEVICE_FAMILY = "1,2";
			};
			name = Debug;
		};
		7FE0890830269E8E0005C7E7 /* Release */ = {
			isa = XCBuildConfiguration;
			buildSettings = {
				ASSETCATALOG_COMPILER_GLOBAL_ACCENT_COLOR_NAME = AccentColor;
				ASSETCATALOG_COMPILER_WIDGET_BACKGROUND_COLOR_NAME = WidgetBackground;
				CODE_SIGN_ENTITLEMENTS = ReadingTableWidgetsExtension.entitlements;
				CODE_SIGN_STYLE = Automatic;
				CURRENT_PROJECT_VERSION = 1;
				DEVELOPMENT_TEAM = FVJG2288UR;
				GENERATE_INFOPLIST_FILE = YES;
				INFOPLIST_FILE = ReadingTableWidgets/Info.plist;
				INFOPLIST_KEY_CFBundleDisplayName = MyTablo;
				INFOPLIST_KEY_NSHumanReadableCopyright = "";
				LD_RUNPATH_SEARCH_PATHS = (
					"$(inherited)",
					"@executable_path/Frameworks",
					"@executable_path/../../Frameworks",
				);
				MARKETING_VERSION = 1.0;
				PRODUCT_BUNDLE_IDENTIFIER = com.adeleroberts.Tablo.Widgets;
				PRODUCT_NAME = "$(TARGET_NAME)";
				SKIP_INSTALL = YES;
				STRING_CATALOG_GENERATE_SYMBOLS = YES;
				SWIFT_APPROACHABLE_CONCURRENCY = YES;
				SWIFT_EMIT_LOC_STRINGS = YES;
				SWIFT_UPCOMING_FEATURE_MEMBER_IMPORT_VISIBILITY = YES;
				SWIFT_VERSION = 5.0;
				TARGETED_DEVICE_FAMILY = "1,2";
			};
			name = Release;
		};
/* End XCBuildConfiguration section */

/* Begin XCConfigurationList section */
		7F70418A3024BDCB00ED99CF /* Build configuration list for PBXProject "MyTablo" */ = {
			isa = XCConfigurationList;
			buildConfigurations = (
				7F7041983024BDCC00ED99CF /* Debug */,
				7F7041993024BDCC00ED99CF /* Release */,
			);
			defaultConfigurationIsVisible = 0;
			defaultConfigurationName = Release;
		};
		7F70419A3024BDCC00ED99CF /* Build configuration list for PBXNativeTarget "MyTablo" */ = {
			isa = XCConfigurationList;
			buildConfigurations = (
				7F70419B3024BDCC00ED99CF /* Debug */,
				7F70419C3024BDCC00ED99CF /* Release */,
			);
			defaultConfigurationIsVisible = 0;
			defaultConfigurationName = Release;
		};
		7FE0890630269E8E0005C7E7 /* Build configuration list for PBXNativeTarget "MyTabloWidgetsExtension" */ = {
			isa = XCConfigurationList;
			buildConfigurations = (
				7FE0890730269E8E0005C7E7 /* Debug */,
				7FE0890830269E8E0005C7E7 /* Release */,
			);
			defaultConfigurationIsVisible = 0;
			defaultConfigurationName = Release;
		};
/* End XCConfigurationList section */
	};
	rootObject = 7F7041873024BDCB00ED99CF /* Project object */;
}
